<?xml version="1.0" encoding="utf-8"?>
<Project ToolsVersion="4.0" xmlns="http://schemas.microsoft.com/developer/msbuild/2003">
  <ItemGroup>
    <ClCompile Include="Graph\Tarjan\Tarjan.cpp" />
    <ClCompile Include="DynamicProgramming\Knapsack\Knapsack.cpp" />
    <ClCompile Include="DynamicProgramming\MaxIndependentSet\MaxSet.cpp" />
    <ClCompile Include="HuffmanCodes\Huffman.cpp" />
    <ClCompile Include="KruskalsAlgorithm\Kruskal.cpp" />
    <ClCompile Include="main.cpp" />
    <ClCompile Include="PrimsAlgorithm\Prim.cpp" />
    <ClCompile Include="Scheduling\Scheduling.cpp" />
    <ClCompile Include="Graph\TopologicalSort\Topological.cpp" />
    <ClCompile Include="Graph\SCC\SCC.cpp" />
  </ItemGroup>
  <ItemGroup>
    <ClInclude Include="Graph\Tarjan\Tarjan.h" />
    <ClInclude Include="DynamicProgramming\Knapsack\Knapsack.h" />
    <ClInclude Include="DynamicProgramming\MaxIndependentSet\MaxSet.h" />
    <ClInclude Include="HuffmanCodes\Huffman.h" />
    <ClInclude Include="KruskalsAlgorithm\Kruskal.h" />
    <ClInclude Include="PrimsAlgorithm\Prim.h" />
    <ClInclude Include="Scheduling\Scheduling.h" />
    <ClInclude Include="Graph\TopologicalSort\Topological.h" />
    <ClInclude Include="Graph\SCC\SCC.h" />
  </ItemGroup>
</Project>